
Microsoft Visual Studio Solution File, Format Version 12.00
# Visual Studio Version 17
VisualStudioVersion = 17.14.36623.8
MinimumVisualStudioVersion = 10.0.40219.1
Project("{FAE04EC0-301F-11D3-BF4B-00C04F79EFBC}") = "AnimeTracker", "AnimeTracker.csproj", "{E3E56DD6-F11F-44BF-AF7E-673214E085FE}"
EndProject
Project("{FAE04EC0-301F-11D3-BF4B-00C04F79EFBC}") = "TelegramBot", "..\TelegramBot\TelegramBot.csproj", "{47AAD9AB-69E3-4245-A61B-B1E0202536F0}"
EndProject
Global
	GlobalSection(SolutionConfigurationPlatforms) = preSolution
		Debug|Any CPU = Debug|Any CPU
		Release|Any CPU = Release|Any CPU
	EndGlobalSection
	GlobalSection(ProjectConfigurationPlatforms) = postSolution
		{E3E56DD6-F11F-44BF-AF7E-673214E085FE}.Debug|Any CPU.ActiveCfg = Debug|Any CPU
		{E3E56DD6-F11F-44BF-AF7E-673214E085FE}.Debug|Any CPU.Build.0 = Debug|Any CPU
		{E3E56DD6-F11F-44BF-AF7E-673214E085FE}.Release|Any CPU.ActiveCfg = Release|Any CPU
		{E3E56DD6-F11F-44BF-AF7E-673214E085FE}.Release|Any CPU.Build.0 = Release|Any CPU
		{47AAD9AB-69E3-4245-A61B-B1E0202536F0}.Debug|Any CPU.ActiveCfg = Debug|Any CPU
		{47AAD9AB-69E3-4245-A61B-B1E0202536F0}.Debug|Any CPU.Build.0 = Debug|Any CPU
		{47AAD9AB-69E3-4245-A61B-B1E0202536F0}.Release|Any CPU.ActiveCfg = Release|Any CPU
		{47AAD9AB-69E3-4245-A61B-B1E0202536F0}.Release|Any CPU.Build.0 = Release|Any CPU
	EndGlobalSection
	GlobalSection(SolutionProperties) = preSolution
		HideSolutionNode = FALSE
	EndGlobalSection
	GlobalSection(ExtensibilityGlobals) = postSolution
		SolutionGuid = {63759AC2-A3B2-4CE0-ADCF-33DD9B7B8FE3}
	EndGlobalSection
EndGlobal
